
Microsoft Visual Studio Solution File, Format Version 12.00
# Visual Studio 15
VisualStudioVersion = 15.0.27004.2005
MinimumVisualStudioVersion = 10.0.40219.1
Project("{FAE04EC0-301F-11D3-BF4B-00C04F79EFBC}") = "Semi2017", "Semi2017.csproj", "{52A252BF-3207-4907-A198-D8BC38064AB2}"
EndProject
Global
	GlobalSection(SolutionConfigurationPlatforms) = preSolution
		Debug|Any CPU = Debug|Any CPU
		Release|Any CPU = Release|Any CPU
	EndGlobalSection
	GlobalSection(ProjectConfigurationPlatforms) = postSolution
		{52A252BF-3207-4907-A198-D8BC38064AB2}.Debug|Any CPU.ActiveCfg = Debug|Any CPU
		{52A252BF-3207-4907-A198-D8BC38064AB2}.Debug|Any CPU.Build.0 = Debug|Any CPU
		{52A252BF-3207-4907-A198-D8BC38064AB2}.Release|Any CPU.ActiveCfg = Release|Any CPU
		{52A252BF-3207-4907-A198-D8BC38064AB2}.Release|Any CPU.Build.0 = Release|Any CPU
	EndGlobalSection
	GlobalSection(SolutionProperties) = preSolution
		HideSolutionNode = FALSE
	EndGlobalSection
	GlobalSection(ExtensibilityGlobals) = postSolution
		SolutionGuid = {622F405E-784F-4A6E-A8E1-0709D68B12D2}
	EndGlobalSection
EndGlobal
